<?xml version="1.0" encoding="utf-8"?>
<Project ToolsVersion="4.0" xmlns="http://schemas.microsoft.com/developer/msbuild/2003">
  <ItemGroup>
    <Filter Include="Source Files">
      <UniqueIdentifier>{4FC737F1-C7A5-4376-A066-2A32D752A2FF}</UniqueIdentifier>
      <Extensions>cpp;c;cc;cxx;c++;cppm;ixx;def;odl;idl;hpj;bat;asm;asmx</Extensions>
    </Filter>
    <Filter Include="Header Files">
      <UniqueIdentifier>{93995380-89BD-4b04-88EB-625FBE52EBFB}</UniqueIdentifier>
      <Extensions>h;hh;hpp;hxx;h++;hm;inl;inc;ipp;xsd</Extensions>
    </Filter>
    <Filter Include="Resource Files">
      <UniqueIdentifier>{67DA6AB6-F800-4c08-8B7A-83BB121AAD01}</UniqueIdentifier>
      <Extensions>rc;ico;cur;bmp;dlg;rc2;rct;bin;rgs;gif;jpg;jpeg;jpe;resx;tiff;tif;png;wav;mfcribbon-ms</Extensions>
    </Filter>
    <Filter Include="Header Files\libs">
      <UniqueIdentifier>{a6f070f5-adda-4b34-9929-a14238f95bf3}</UniqueIdentifier>
    </Filter>
    <Filter Include="Header Files\olcPixelGameEngine">
      <UniqueIdentifier>{7a3ace48-58d9-4fda-bb5e-79df16ef281b}</UniqueIdentifier>
    </Filter>
  </ItemGroup>
  <ItemGroup>
    <ClInclude Include="libs\globals.hpp">
      <Filter>Header Files\libs</Filter>
    </ClInclude>
    <ClInclude Include="olcPixelGameEngine\olcPixelGameEngine.h">
      <Filter>Header Files\olcPixelGameEngine</Filter>
    </ClInclude>
    <ClInclude Include="render.hpp">
      <Filter>Header Files</Filter>
    </ClInclude>
    <ClInclude Include="libs\vecs.h">
      <Filter>Header Files\libs</Filter>
    </ClInclude>
    <ClInclude Include="libs\glsl_emulated.h">
      <Filter>Header Files\libs</Filter>
    </ClInclude>
    <ClInclude Include="libs\shapes.h">
      <Filter>Header Files\libs</Filter>
    </ClInclude>
  </ItemGroup>
  <ItemGroup>
    <ClCompile Include="main.cpp">
      <Filter>Source Files</Filter>
    </ClCompile>
    <ClCompile Include="shader.cpp">
      <Filter>Source Files</Filter>
    </ClCompile>
    <ClCompile Include="geometry.cpp">
      <Filter>Source Files</Filter>
    </ClCompile>
  </ItemGroup>
</Project>